// !$*UTF8*$!
{
	archiveVersion = 1;
	classes = {
	};
	objectVersion = 46;
	objects = {

/* Begin PBXBuildFile section */
		C1FF519C1D7570510006461F /* main.m in Sources */ = {isa = PBXBuildFile; fileRef = C1FF519B1D7570510006461F /* main.m */; };
		C1FF519F1D7570510006461F /* AppDelegate.m in Sources */ = {isa = PBXBuildFile; fileRef = C1FF519E1D7570510006461F /* AppDelegate.m */; };
		C1FF51A21D7570510006461F /* ViewController.m in Sources */ = {isa = PBXBuildFile; fileRef = C1FF51A11D7570510006461F /* ViewController.m */; };
		C1FF51A51D7570510006461F /* Main.storyboard in Resources */ = {isa = PBXBuildFile; fileRef = C1FF51A31D7570510006461F /* Main.storyboard */; };
		C1FF51A71D7570510006461F /* Assets.xcassets in Resources */ = {isa = PBXBuildFile; fileRef = C1FF51A61D7570510006461F /* Assets.xcassets */; };
		C1FF51AA1D7570510006461F /* LaunchScreen.storyboard in Resources */ = {isa = PBXBuildFile; fileRef = C1FF51A81D7570510006461F /* LaunchScreen.storyboard */; };
		C1FF51CE1D75862B0006461F /* LocalLog.m in Sources */ = {isa = PBXBuildFile; fileRef = C1FF51C41D75862B0006461F /* LocalLog.m */; };
		C1FF51CF1D75862B0006461F /* NSString+CommonTool.m in Sources */ = {isa = PBXBuildFile; fileRef = C1FF51C71D75862B0006461F /* NSString+CommonTool.m */; };
		C1FF51D01D75862B0006461F /* UIImage+CommonTool.m in Sources */ = {isa = PBXBuildFile; fileRef = C1FF51CA1D75862B0006461F /* UIImage+CommonTool.m */; };
		C1FF51D11D75862B0006461F /* UIViewController+Navigation.m in Sources */ = {isa = PBXBuildFile; fileRef = C1FF51CD1D75862B0006461F /* UIViewController+Navigation.m */; };
		C1FF51D61D758EF90006461F /* CommondMethod.m in Sources */ = {isa = PBXBuildFile; fileRef = C1FF51D51D758EF90006461F /* CommondMethod.m */; };
/* End PBXBuildFile section */

/* Begin PBXFileReference section */
		C12C7F7C1E5AC75900C65B41 /* PrefixHeader.pch */ = {isa = PBXFileReference; fileEncoding = 4; lastKnownFileType = sourcecode.c.h; path = PrefixHeader.pch; sourceTree = "<group>"; };
		C12C7F7D1E5ACA3000C65B41 /* Config.h */ = {isa = PBXFileReference; fileEncoding = 4; lastKnownFileType = sourcecode.c.h; path = Config.h; sourceTree = "<group>"; };
		C12C7F7E1E5ACB3100C65B41 /* Color.h */ = {isa = PBXFileReference; fileEncoding = 4; lastKnownFileType = sourcecode.c.h; path = Color.h; sourceTree = "<group>"; };
		C1FF51971D7570510006461F /* CommonTool.app */ = {isa = PBXFileReference; explicitFileType = wrapper.application; includeInIndex = 0; path = CommonTool.app; sourceTree = BUILT_PRODUCTS_DIR; };
		C1FF519B1D7570510006461F /* main.m */ = {isa = PBXFileReference; lastKnownFileType = sourcecode.c.objc; path = main.m; sourceTree = "<group>"; };
		C1FF519D1D7570510006461F /* AppDelegate.h */ = {isa = PBXFileReference; lastKnownFileType = sourcecode.c.h; path = AppDelegate.h; sourceTree = "<group>"; };
		C1FF519E1D7570510006461F /* AppDelegate.m */ = {isa = PBXFileReference; lastKnownFileType = sourcecode.c.objc; path = AppDelegate.m; sourceTree = "<group>"; };
		C1FF51A01D7570510006461F /* ViewController.h */ = {isa = PBXFileReference; lastKnownFileType = sourcecode.c.h; path = ViewController.h; sourceTree = "<group>"; };
		C1FF51A11D7570510006461F /* ViewController.m */ = {isa = PBXFileReference; lastKnownFileType = sourcecode.c.objc; path = ViewController.m; sourceTree = "<group>"; };
		C1FF51A41D7570510006461F /* Base */ = {isa = PBXFileReference; lastKnownFileType = file.storyboard; name = Base; path = Base.lproj/Main.storyboard; sourceTree = "<group>"; };
		C1FF51A61D7570510006461F /* Assets.xcassets */ = {isa = PBXFileReference; lastKnownFileType = folder.assetcatalog; path = Assets.xcassets; sourceTree = "<group>"; };
		C1FF51A91D7570510006461F /* Base */ = {isa = PBXFileReference; lastKnownFileType = file.storyboard; name = Base; path = Base.lproj/LaunchScreen.storyboard; sourceTree = "<group>"; };
		C1FF51AB1D7570510006461F /* Info.plist */ = {isa = PBXFileReference; lastKnownFileType = text.plist.xml; path = Info.plist; sourceTree = "<group>"; };
		C1FF51C31D75862B0006461F /* LocalLog.h */ = {isa = PBXFileReference; fileEncoding = 4; lastKnownFileType = sourcecode.c.h; path = LocalLog.h; sourceTree = "<group>"; };
		C1FF51C41D75862B0006461F /* LocalLog.m */ = {isa = PBXFileReference; fileEncoding = 4; lastKnownFileType = sourcecode.c.objc; path = LocalLog.m; sourceTree = "<group>"; };
		C1FF51C61D75862B0006461F /* NSString+CommonTool.h */ = {isa = PBXFileReference; fileEncoding = 4; lastKnownFileType = sourcecode.c.h; path = "NSString+CommonTool.h"; sourceTree = "<group>"; };
		C1FF51C71D75862B0006461F /* NSString+CommonTool.m */ = {isa = PBXFileReference; fileEncoding = 4; lastKnownFileType = sourcecode.c.objc; path = "NSString+CommonTool.m"; sourceTree = "<group>"; };
		C1FF51C91D75862B0006461F /* UIImage+CommonTool.h */ = {isa = PBXFileReference; fileEncoding = 4; lastKnownFileType = sourcecode.c.h; path = "UIImage+CommonTool.h"; sourceTree = "<group>"; };
		C1FF51CA1D75862B0006461F /* UIImage+CommonTool.m */ = {isa = PBXFileReference; fileEncoding = 4; lastKnownFileType = sourcecode.c.objc; path = "UIImage+CommonTool.m"; sourceTree = "<group>"; };
		C1FF51CC1D75862B0006461F /* UIViewController+Navigation.h */ = {isa = PBXFileReference; fileEncoding = 4; lastKnownFileType = sourcecode.c.h; path = "UIViewController+Navigation.h"; sourceTree = "<group>"; };
		C1FF51CD1D75862B0006461F /* UIViewController+Navigation.m */ = {isa = PBXFileReference; fileEncoding = 4; lastKnownFileType = sourcecode.c.objc; path = "UIViewController+Navigation.m"; sourceTree = "<group>"; };
		C1FF51D21D75863C0006461F /* Tool.h */ = {isa = PBXFileReference; fileEncoding = 4; lastKnownFileType = sourcecode.c.h; path = Tool.h; sourceTree = "<group>"; };
		C1FF51D41D758EF90006461F /* CommondMethod.h */ = {isa = PBXFileReference; fileEncoding = 4; lastKnownFileType = sourcecode.c.h; path = CommondMethod.h; sourceTree = "<group>"; };
		C1FF51D51D758EF90006461F /* CommondMethod.m */ = {isa = PBXFileReference; fileEncoding = 4; lastKnownFileType = sourcecode.c.objc; path = CommondMethod.m; sourceTree = "<group>"; };
/* End PBXFileReference section */

/* Begin PBXFrameworksBuildPhase section */
		C1FF51941D7570510006461F /* Frameworks */ = {
			isa = PBXFrameworksBuildPhase;
			buildActionMask = 2147483647;
			files = (
			);
			runOnlyForDeploymentPostprocessing = 0;
		};
/* End PBXFrameworksBuildPhase section */

/* Begin PBXGroup section */
		C1FF518E1D7570510006461F = {
			isa = PBXGroup;
			children = (
				C1FF51991D7570510006461F /* CommonTool */,
				C1FF51981D7570510006461F /* Products */,
			);
			sourceTree = "<group>";
		};
		C1FF51981D7570510006461F /* Products */ = {
			isa = PBXGroup;
			children = (
				C1FF51971D7570510006461F /* CommonTool.app */,
			);
			name = Products;
			sourceTree = "<group>";
		};
		C1FF51991D7570510006461F /* CommonTool */ = {
			isa = PBXGroup;
			children = (
				C12C7F7C1E5AC75900C65B41 /* PrefixHeader.pch */,
				C12C7F7E1E5ACB3100C65B41 /* Color.h */,
				C12C7F7D1E5ACA3000C65B41 /* Config.h */,
				C1FF51C11D75862B0006461F /* Tool */,
				C1FF519D1D7570510006461F /* AppDelegate.h */,
				C1FF519E1D7570510006461F /* AppDelegate.m */,
				C1FF51A01D7570510006461F /* ViewController.h */,
				C1FF51A11D7570510006461F /* ViewController.m */,
				C1FF51A31D7570510006461F /* Main.storyboard */,
				C1FF51A61D7570510006461F /* Assets.xcassets */,
				C1FF51A81D7570510006461F /* LaunchScreen.storyboard */,
				C1FF51AB1D7570510006461F /* Info.plist */,
				C1FF519A1D7570510006461F /* Supporting Files */,
			);
			path = CommonTool;
			sourceTree = "<group>";
		};
		C1FF519A1D7570510006461F /* Supporting Files */ = {
			isa = PBXGroup;
			children = (
				C1FF519B1D7570510006461F /* main.m */,
			);
			name = "Supporting Files";
			sourceTree = "<group>";
		};
		C1FF51C11D75862B0006461F /* Tool */ = {
			isa = PBXGroup;
			children = (
				C1FF51D31D758EE80006461F /* SystemCommon */,
				C1FF51C21D75862B0006461F /* LocalNslog */,
				C1FF51C51D75862B0006461F /* NSString */,
				C1FF51C81D75862B0006461F /* UIImage */,
				C1FF51CB1D75862B0006461F /* UINavigation */,
				C1FF51D21D75863C0006461F /* Tool.h */,
			);
			path = Tool;
			sourceTree = "<group>";
		};
		C1FF51C21D75862B0006461F /* LocalNslog */ = {
			isa = PBXGroup;
			children = (
				C1FF51C31D75862B0006461F /* LocalLog.h */,
				C1FF51C41D75862B0006461F /* LocalLog.m */,
			);
			path = LocalNslog;
			sourceTree = "<group>";
		};
		C1FF51C51D75862B0006461F /* NSString */ = {
			isa = PBXGroup;
			children = (
				C1FF51C61D75862B0006461F /* NSString+CommonTool.h */,
				C1FF51C71D75862B0006461F /* NSString+CommonTool.m */,
			);
			path = NSString;
			sourceTree = "<group>";
		};
		C1FF51C81D75862B0006461F /* UIImage */ = {
			isa = PBXGroup;
			children = (
				C1FF51C91D75862B0006461F /* UIImage+CommonTool.h */,
				C1FF51CA1D75862B0006461F /* UIImage+CommonTool.m */,
			);
			path = UIImage;
			sourceTree = "<group>";
		};
		C1FF51CB1D75862B0006461F /* UINavigation */ = {
			isa = PBXGroup;
			children = (
				C1FF51CC1D75862B0006461F /* UIViewController+Navigation.h */,
				C1FF51CD1D75862B0006461F /* UIViewController+Navigation.m */,
			);
			path = UINavigation;
			sourceTree = "<group>";
		};
		C1FF51D31D758EE80006461F /* SystemCommon */ = {
			isa = PBXGroup;
			children = (
				C1FF51D41D758EF90006461F /* CommondMethod.h */,
				C1FF51D51D758EF90006461F /* CommondMethod.m */,
			);
			path = SystemCommon;
			sourceTree = "<group>";
		};
/* End PBXGroup section */

/* Begin PBXNativeTarget section */
		C1FF51961D7570510006461F /* CommonTool */ = {
			isa = PBXNativeTarget;
			buildConfigurationList = C1FF51AE1D7570510006461F /* Build configuration list for PBXNativeTarget "CommonTool" */;
			buildPhases = (
				C1FF51931D7570510006461F /* Sources */,
				C1FF51941D7570510006461F /* Frameworks */,
				C1FF51951D7570510006461F /* Resources */,
			);
			buildRules = (
			);
			dependencies = (
			);
			name = CommonTool;
			productName = CommonTool;
			productReference = C1FF51971D7570510006461F /* CommonTool.app */;
			productType = "com.apple.product-type.application";
		};
/* End PBXNativeTarget section */

/* Begin PBXProject section */
		C1FF518F1D7570510006461F /* Project object */ = {
			isa = PBXProject;
			attributes = {
				LastUpgradeCheck = 0730;
				ORGANIZATIONNAME = "张永杰";
				TargetAttributes = {
					C1FF51961D7570510006461F = {
						CreatedOnToolsVersion = 7.3.1;
						DevelopmentTeam = 834E95R3LK;
					};
				};
			};
			buildConfigurationList = C1FF51921D7570510006461F /* Build configuration list for PBXProject "CommonTool" */;
			compatibilityVersion = "Xcode 3.2";
			developmentRegion = English;
			hasScannedForEncodings = 0;
			knownRegions = (
				en,
				Base,
			);
			mainGroup = C1FF518E1D7570510006461F;
			productRefGroup = C1FF51981D7570510006461F /* Products */;
			projectDirPath = "";
			projectRoot = "";
			targets = (
				C1FF51961D7570510006461F /* CommonTool */,
			);
		};
/* End PBXProject section */

/* Begin PBXResourcesBuildPhase section */
		C1FF51951D7570510006461F /* Resources */ = {
			isa = PBXResourcesBuildPhase;
			buildActionMask = 2147483647;
			files = (
				C1FF51AA1D7570510006461F /* LaunchScreen.storyboard in Resources */,
				C1FF51A71D7570510006461F /* Assets.xcassets in Resources */,
				C1FF51A51D7570510006461F /* Main.storyboard in Resources */,
			);
			runOnlyForDeploymentPostprocessing = 0;
		};
/* End PBXResourcesBuildPhase section */

/* Begin PBXSourcesBuildPhase section */
		C1FF51931D7570510006461F /* Sources */ = {
			isa = PBXSourcesBuildPhase;
			buildActionMask = 2147483647;
			files = (
				C1FF51D61D758EF90006461F /* CommondMethod.m in Sources */,
				C1FF51D01D75862B0006461F /* UIImage+CommonTool.m in Sources */,
				C1FF51A21D7570510006461F /* ViewController.m in Sources */,
				C1FF519F1D7570510006461F /* AppDelegate.m in Sources */,
				C1FF51CE1D75862B0006461F /* LocalLog.m in Sources */,
				C1FF51D11D75862B0006461F /* UIViewController+Navigation.m in Sources */,
				C1FF51CF1D75862B0006461F /* NSString+CommonTool.m in Sources */,
				C1FF519C1D7570510006461F /* main.m in Sources */,
			);
			runOnlyForDeploymentPostprocessing = 0;
		};
/* End PBXSourcesBuildPhase section */

/* Begin PBXVariantGroup section */
		C1FF51A31D7570510006461F /* Main.storyboard */ = {
			isa = PBXVariantGroup;
			children = (
				C1FF51A41D7570510006461F /* Base */,
			);
			name = Main.storyboard;
			sourceTree = "<group>";
		};
		C1FF51A81D7570510006461F /* LaunchScreen.storyboard */ = {
			isa = PBXVariantGroup;
			children = (
				C1FF51A91D7570510006461F /* Base */,
			);
			name = LaunchScreen.storyboard;
			sourceTree = "<group>";
		};
/* End PBXVariantGroup section */

/* Begin XCBuildConfiguration section */
		C1FF51AC1D7570510006461F /* Debug */ = {
			isa = XCBuildConfiguration;
			buildSettings = {
				ALWAYS_SEARCH_USER_PATHS = NO;
				CLANG_ANALYZER_NONNULL = YES;
				CLANG_CXX_LANGUAGE_STANDARD = "gnu++0x";
				CLANG_CXX_LIBRARY = "libc++";
				CLANG_ENABLE_MODULES = YES;
				CLANG_ENABLE_OBJC_ARC = YES;
				CLANG_WARN_BOOL_CONVERSION = YES;
				CLANG_WARN_CONSTANT_CONVERSION = YES;
				CLANG_WARN_DIRECT_OBJC_ISA_USAGE = YES_ERROR;
				CLANG_WARN_EMPTY_BODY = YES;
				CLANG_WARN_ENUM_CONVERSION = YES;
				CLANG_WARN_INT_CONVERSION = YES;
				CLANG_WARN_OBJC_ROOT_CLASS = YES_ERROR;
				CLANG_WARN_UNREACHABLE_CODE = YES;
				CLANG_WARN__DUPLICATE_METHOD_MATCH = YES;
				"CODE_SIGN_IDENTITY[sdk=iphoneos*]" = "iPhone Developer";
				COPY_PHASE_STRIP = NO;
				DEBUG_INFORMATION_FORMAT = dwarf;
				ENABLE_STRICT_OBJC_MSGSEND = YES;
				ENABLE_TESTABILITY = YES;
				GCC_C_LANGUAGE_STANDARD = gnu99;
				GCC_DYNAMIC_NO_PIC = NO;
				GCC_NO_COMMON_BLOCKS = YES;
				GCC_OPTIMIZATION_LEVEL = 0;
				GCC_PREPROCESSOR_DEFINITIONS = (
					"DEBUG=1",
					"$(inherited)",
				);
				GCC_WARN_64_TO_32_BIT_CONVERSION = YES;
				GCC_WARN_ABOUT_RETURN_TYPE = YES_ERROR;
				GCC_WARN_UNDECLARED_SELECTOR = YES;
				GCC_WARN_UNINITIALIZED_AUTOS = YES_AGGRESSIVE;
				GCC_WARN_UNUSED_FUNCTION = YES;
				GCC_WARN_UNUSED_VARIABLE = YES;
				IPHONEOS_DEPLOYMENT_TARGET = 9.3;
				MTL_ENABLE_DEBUG_INFO = YES;
				ONLY_ACTIVE_ARCH = YES;
				SDKROOT = iphoneos;
				TARGETED_DEVICE_FAMILY = "1,2";
			};
			name = Debug;
		};
		C1FF51AD1D7570510006461F /* Release */ = {
			isa = XCBuildConfiguration;
			buildSettings = {
				ALWAYS_SEARCH_USER_PATHS = NO;
				CLANG_ANALYZER_NONNULL = YES;
				CLANG_CXX_LANGUAGE_STANDARD = "gnu++0x";
				CLANG_CXX_LIBRARY = "libc++";
				CLANG_ENABLE_MODULES = YES;
				CLANG_ENABLE_OBJC_ARC = YES;
				CLANG_WARN_BOOL_CONVERSION = YES;
				CLANG_WARN_CONSTANT_CONVERSION = YES;
				CLANG_WARN_DIRECT_OBJC_ISA_USAGE = YES_ERROR;
				CLANG_WARN_EMPTY_BODY = YES;
				CLANG_WARN_ENUM_CONVERSION = YES;
				CLANG_WARN_INT_CONVERSION = YES;
				CLANG_WARN_OBJC_ROOT_CLASS = YES_ERROR;
				CLANG_WARN_UNREACHABLE_CODE = YES;
				CLANG_WARN__DUPLICATE_METHOD_MATCH = YES;
				"CODE_SIGN_IDENTITY[sdk=iphoneos*]" = "iPhone Developer";
				COPY_PHASE_STRIP = NO;
				DEBUG_INFORMATION_FORMAT = "dwarf-with-dsym";
				ENABLE_NS_ASSERTIONS = NO;
				ENABLE_STRICT_OBJC_MSGSEND = YES;
				GCC_C_LANGUAGE_STANDARD = gnu99;
				GCC_NO_COMMON_BLOCKS = YES;
				GCC_WARN_64_TO_32_BIT_CONVERSION = YES;
				GCC_WARN_ABOUT_RETURN_TYPE = YES_ERROR;
				GCC_WARN_UNDECLARED_SELECTOR = YES;
				GCC_WARN_UNINITIALIZED_AUTOS = YES_AGGRESSIVE;
				GCC_WARN_UNUSED_FUNCTION = YES;
				GCC_WARN_UNUSED_VARIABLE = YES;
				IPHONEOS_DEPLOYMENT_TARGET = 9.3;
				MTL_ENABLE_DEBUG_INFO = NO;
				SDKROOT = iphoneos;
				TARGETED_DEVICE_FAMILY = "1,2";
				VALIDATE_PRODUCT = YES;
			};
			name = Release;
		};
		C1FF51AF1D7570510006461F /* Debug */ = {
			isa = XCBuildConfiguration;
			buildSettings = {
				ASSETCATALOG_COMPILER_APPICON_NAME = AppIcon;
				GCC_PRECOMPILE_PREFIX_HEADER = YES;
				GCC_PREFIX_HEADER = "$(SRCROOT)/CommonTool/PrefixHeader.pch";
				INFOPLIST_FILE = CommonTool/Info.plist;
				LD_RUNPATH_SEARCH_PATHS = "$(inherited) @executable_path/Frameworks";
				PRODUCT_BUNDLE_IDENTIFIER = "------.CommonTool";
				PRODUCT_NAME = "$(TARGET_NAME)";
			};
			name = Debug;
		};
		C1FF51B01D7570510006461F /* Release */ = {
			isa = XCBuildConfiguration;
			buildSettings = {
				ASSETCATALOG_COMPILER_APPICON_NAME = AppIcon;
				GCC_PRECOMPILE_PREFIX_HEADER = YES;
				GCC_PREFIX_HEADER = "$(SRCROOT)/CommonTool/PrefixHeader.pch";
				INFOPLIST_FILE = CommonTool/Info.plist;
				LD_RUNPATH_SEARCH_PATHS = "$(inherited) @executable_path/Frameworks";
				PRODUCT_BUNDLE_IDENTIFIER = "------.CommonTool";
				PRODUCT_NAME = "$(TARGET_NAME)";
			};
			name = Release;
		};
/* End XCBuildConfiguration section */

/* Begin XCConfigurationList section */
		C1FF51921D7570510006461F /* Build configuration list for PBXProject "CommonTool" */ = {
			isa = XCConfigurationList;
			buildConfigurations = (
				C1FF51AC1D7570510006461F /* Debug */,
				C1FF51AD1D7570510006461F /* Release */,
			);
			defaultConfigurationIsVisible = 0;
			defaultConfigurationName = Release;
		};
		C1FF51AE1D7570510006461F /* Build configuration list for PBXNativeTarget "CommonTool" */ = {
			isa = XCConfigurationList;
			buildConfigurations = (
				C1FF51AF1D7570510006461F /* Debug */,
				C1FF51B01D7570510006461F /* Release */,
			);
			defaultConfigurationIsVisible = 0;
			defaultConfigurationName = Release;
		};
/* End XCConfigurationList section */
	};
	rootObject = C1FF518F1D7570510006461F /* Project object */;
}
